// !$*UTF8*$!
{
	archiveVersion = 1;
	classes = {
	};
	objectVersion = 55;
	objects = {

/* Begin PBXBuildFile section */
		AD36668579B129371B58A6BF /* Pods_GWith.framework in Frameworks */ = {isa = PBXBuildFile; fileRef = FA3541A852AD3F221037808C /* Pods_GWith.framework */; };
		D640D7142935A3F9000CC8CC /* GoogleService-Info.plist in Resources */ = {isa = PBXBuildFile; fileRef = D640D7132935A3F9000CC8CC /* GoogleService-Info.plist */; };
		D640D7162935AD7F000CC8CC /* FCMTokenModel.swift in Sources */ = {isa = PBXBuildFile; fileRef = D640D7152935AD7F000CC8CC /* FCMTokenModel.swift */; };
		D640D718293738B8000CC8CC /* Constants.swift in Sources */ = {isa = PBXBuildFile; fileRef = D640D717293738B8000CC8CC /* Constants.swift */; };
		D640D71A2939A7D3000CC8CC /* PushNotiDataModel.swift in Sources */ = {isa = PBXBuildFile; fileRef = D640D7192939A7D3000CC8CC /* PushNotiDataModel.swift */; };
		D640D71C2939D9B1000CC8CC /* NotiJSInterface.swift in Sources */ = {isa = PBXBuildFile; fileRef = D640D71B2939D9B1000CC8CC /* NotiJSInterface.swift */; };
		D640D71E2939EC12000CC8CC /* VersionInfoModel.swift in Sources */ = {isa = PBXBuildFile; fileRef = D640D71D2939EC12000CC8CC /* VersionInfoModel.swift */; };
		D6606FCC28D988940031CC99 /* AppDelegate.swift in Sources */ = {isa = PBXBuildFile; fileRef = D6606FCB28D988940031CC99 /* AppDelegate.swift */; };
		D6606FCE28D988940031CC99 /* SceneDelegate.swift in Sources */ = {isa = PBXBuildFile; fileRef = D6606FCD28D988940031CC99 /* SceneDelegate.swift */; };
		D6606FD028D988940031CC99 /* ViewController.swift in Sources */ = {isa = PBXBuildFile; fileRef = D6606FCF28D988940031CC99 /* ViewController.swift */; };
		D6606FD328D988940031CC99 /* Main.storyboard in Resources */ = {isa = PBXBuildFile; fileRef = D6606FD128D988940031CC99 /* Main.storyboard */; };
		D6606FD528D988950031CC99 /* Assets.xcassets in Resources */ = {isa = PBXBuildFile; fileRef = D6606FD428D988950031CC99 /* Assets.xcassets */; };
		D6606FD828D988950031CC99 /* LaunchScreen.storyboard in Resources */ = {isa = PBXBuildFile; fileRef = D6606FD628D988950031CC99 /* LaunchScreen.storyboard */; };
		D6606FE128D989290031CC99 /* WebKit.framework in Frameworks */ = {isa = PBXBuildFile; fileRef = D6606FE028D989290031CC99 /* WebKit.framework */; };
		D6D76DB52925C834007C6495 /* LocationService.swift in Sources */ = {isa = PBXBuildFile; fileRef = D6D76DB42925C834007C6495 /* LocationService.swift */; };
		D6D76DB82925D7FD007C6495 /* MainViewModel.swift in Sources */ = {isa = PBXBuildFile; fileRef = D6D76DB72925D7FD007C6495 /* MainViewModel.swift */; };
		D6D76DBB292DBE46007C6495 /* LocationModel.swift in Sources */ = {isa = PBXBuildFile; fileRef = D6D76DBA292DBE46007C6495 /* LocationModel.swift */; };
		D6F9D71E292219D10009D7FC /* Lato-Bold.ttf in Resources */ = {isa = PBXBuildFile; fileRef = D6F9D71D292219D10009D7FC /* Lato-Bold.ttf */; };
		D6F9D720292219E20009D7FC /* NotoSansKR-Bold.otf in Resources */ = {isa = PBXBuildFile; fileRef = D6F9D71F292219E20009D7FC /* NotoSansKR-Bold.otf */; };
		D6F9D72229222AED0009D7FC /* SplashViewController.swift in Sources */ = {isa = PBXBuildFile; fileRef = D6F9D72129222AED0009D7FC /* SplashViewController.swift */; };
/* End PBXBuildFile section */

/* Begin PBXFileReference section */
		1FDD76F5CD24F69671CAC254 /* Pods-GWith.release.xcconfig */ = {isa = PBXFileReference; includeInIndex = 1; lastKnownFileType = text.xcconfig; name = "Pods-GWith.release.xcconfig"; path = "Target Support Files/Pods-GWith/Pods-GWith.release.xcconfig"; sourceTree = "<group>"; };
		A9188584235AB27EE4B04361 /* Pods-GWith.debug.xcconfig */ = {isa = PBXFileReference; includeInIndex = 1; lastKnownFileType = text.xcconfig; name = "Pods-GWith.debug.xcconfig"; path = "Target Support Files/Pods-GWith/Pods-GWith.debug.xcconfig"; sourceTree = "<group>"; };
		D62AE06928E532B40091FD41 /* GWith.entitlements */ = {isa = PBXFileReference; lastKnownFileType = text.plist.entitlements; path = GWith.entitlements; sourceTree = "<group>"; };
		D640D7132935A3F9000CC8CC /* GoogleService-Info.plist */ = {isa = PBXFileReference; fileEncoding = 4; lastKnownFileType = text.plist.xml; path = "GoogleService-Info.plist"; sourceTree = "<group>"; };
		D640D7152935AD7F000CC8CC /* FCMTokenModel.swift */ = {isa = PBXFileReference; lastKnownFileType = sourcecode.swift; path = FCMTokenModel.swift; sourceTree = "<group>"; };
		D640D717293738B8000CC8CC /* Constants.swift */ = {isa = PBXFileReference; lastKnownFileType = sourcecode.swift; path = Constants.swift; sourceTree = "<group>"; };
		D640D7192939A7D3000CC8CC /* PushNotiDataModel.swift */ = {isa = PBXFileReference; lastKnownFileType = sourcecode.swift; path = PushNotiDataModel.swift; sourceTree = "<group>"; };
		D640D71B2939D9B1000CC8CC /* NotiJSInterface.swift */ = {isa = PBXFileReference; lastKnownFileType = sourcecode.swift; path = NotiJSInterface.swift; sourceTree = "<group>"; };
		D640D71D2939EC12000CC8CC /* VersionInfoModel.swift */ = {isa = PBXFileReference; lastKnownFileType = sourcecode.swift; path = VersionInfoModel.swift; sourceTree = "<group>"; };
		D6606FC828D988940031CC99 /* GWith.app */ = {isa = PBXFileReference; explicitFileType = wrapper.application; includeInIndex = 0; path = GWith.app; sourceTree = BUILT_PRODUCTS_DIR; };
		D6606FCB28D988940031CC99 /* AppDelegate.swift */ = {isa = PBXFileReference; lastKnownFileType = sourcecode.swift; path = AppDelegate.swift; sourceTree = "<group>"; };
		D6606FCD28D988940031CC99 /* SceneDelegate.swift */ = {isa = PBXFileReference; lastKnownFileType = sourcecode.swift; path = SceneDelegate.swift; sourceTree = "<group>"; };
		D6606FCF28D988940031CC99 /* ViewController.swift */ = {isa = PBXFileReference; lastKnownFileType = sourcecode.swift; path = ViewController.swift; sourceTree = "<group>"; };
		D6606FD228D988940031CC99 /* Base */ = {isa = PBXFileReference; lastKnownFileType = file.storyboard; name = Base; path = Base.lproj/Main.storyboard; sourceTree = "<group>"; };
		D6606FD428D988950031CC99 /* Assets.xcassets */ = {isa = PBXFileReference; lastKnownFileType = folder.assetcatalog; path = Assets.xcassets; sourceTree = "<group>"; };
		D6606FD728D988950031CC99 /* Base */ = {isa = PBXFileReference; lastKnownFileType = file.storyboard; name = Base; path = Base.lproj/LaunchScreen.storyboard; sourceTree = "<group>"; };
		D6606FD928D988950031CC99 /* Info.plist */ = {isa = PBXFileReference; lastKnownFileType = text.plist.xml; path = Info.plist; sourceTree = "<group>"; };
		D6606FE028D989290031CC99 /* WebKit.framework */ = {isa = PBXFileReference; lastKnownFileType = wrapper.framework; name = WebKit.framework; path = System/Library/Frameworks/WebKit.framework; sourceTree = SDKROOT; };
		D6D76DB42925C834007C6495 /* LocationService.swift */ = {isa = PBXFileReference; lastKnownFileType = sourcecode.swift; path = LocationService.swift; sourceTree = "<group>"; };
		D6D76DB72925D7FD007C6495 /* MainViewModel.swift */ = {isa = PBXFileReference; lastKnownFileType = sourcecode.swift; path = MainViewModel.swift; sourceTree = "<group>"; };
		D6D76DBA292DBE46007C6495 /* LocationModel.swift */ = {isa = PBXFileReference; lastKnownFileType = sourcecode.swift; path = LocationModel.swift; sourceTree = "<group>"; };
		D6F9D71D292219D10009D7FC /* Lato-Bold.ttf */ = {isa = PBXFileReference; lastKnownFileType = file; path = "Lato-Bold.ttf"; sourceTree = "<group>"; };
		D6F9D71F292219E20009D7FC /* NotoSansKR-Bold.otf */ = {isa = PBXFileReference; lastKnownFileType = file; path = "NotoSansKR-Bold.otf"; sourceTree = "<group>"; };
		D6F9D72129222AED0009D7FC /* SplashViewController.swift */ = {isa = PBXFileReference; lastKnownFileType = sourcecode.swift; path = SplashViewController.swift; sourceTree = "<group>"; };
		FA3541A852AD3F221037808C /* Pods_GWith.framework */ = {isa = PBXFileReference; explicitFileType = wrapper.framework; includeInIndex = 0; path = Pods_GWith.framework; sourceTree = BUILT_PRODUCTS_DIR; };
/* End PBXFileReference section */

/* Begin PBXFrameworksBuildPhase section */
		D6606FC528D988940031CC99 /* Frameworks */ = {
			isa = PBXFrameworksBuildPhase;
			buildActionMask = 2147483647;
			files = (
				D6606FE128D989290031CC99 /* WebKit.framework in Frameworks */,
				AD36668579B129371B58A6BF /* Pods_GWith.framework in Frameworks */,
			);
			runOnlyForDeploymentPostprocessing = 0;
		};
/* End PBXFrameworksBuildPhase section */

/* Begin PBXGroup section */
		C1D6C10549332BBA07BFA676 /* Pods */ = {
			isa = PBXGroup;
			children = (
				A9188584235AB27EE4B04361 /* Pods-GWith.debug.xcconfig */,
				1FDD76F5CD24F69671CAC254 /* Pods-GWith.release.xcconfig */,
			);
			path = Pods;
			sourceTree = "<group>";
		};
		D6606FBF28D988940031CC99 = {
			isa = PBXGroup;
			children = (
				D6606FCA28D988940031CC99 /* GWith */,
				D6606FC928D988940031CC99 /* Products */,
				D6606FDF28D989290031CC99 /* Frameworks */,
				C1D6C10549332BBA07BFA676 /* Pods */,
			);
			sourceTree = "<group>";
		};
		D6606FC928D988940031CC99 /* Products */ = {
			isa = PBXGroup;
			children = (
				D6606FC828D988940031CC99 /* GWith.app */,
			);
			name = Products;
			sourceTree = "<group>";
		};
		D6606FCA28D988940031CC99 /* GWith */ = {
			isa = PBXGroup;
			children = (
				D62AE06928E532B40091FD41 /* GWith.entitlements */,
				D640D7132935A3F9000CC8CC /* GoogleService-Info.plist */,
				D6606FD928D988950031CC99 /* Info.plist */,
				D6D76DB9292DBE3A007C6495 /* Model */,
				D6D76DB62925D7EE007C6495 /* ViewModel */,
				D6D76DB32925C821007C6495 /* Service */,
				D6D76DB22925C591007C6495 /* View */,
				D6D76DB1292330ED007C6495 /* resource */,
				D6F9D71C292219070009D7FC /* fonts */,
				D6606FCB28D988940031CC99 /* AppDelegate.swift */,
				D6606FCD28D988940031CC99 /* SceneDelegate.swift */,
			);
			path = GWith;
			sourceTree = "<group>";
		};
		D6606FDF28D989290031CC99 /* Frameworks */ = {
			isa = PBXGroup;
			children = (
				D6606FE028D989290031CC99 /* WebKit.framework */,
				FA3541A852AD3F221037808C /* Pods_GWith.framework */,
			);
			name = Frameworks;
			sourceTree = "<group>";
		};
		D6D76DB1292330ED007C6495 /* resource */ = {
			isa = PBXGroup;
			children = (
				D6606FD128D988940031CC99 /* Main.storyboard */,
				D6606FD428D988950031CC99 /* Assets.xcassets */,
				D6606FD628D988950031CC99 /* LaunchScreen.storyboard */,
				D640D717293738B8000CC8CC /* Constants.swift */,
			);
			path = resource;
			sourceTree = "<group>";
		};
		D6D76DB22925C591007C6495 /* View */ = {
			isa = PBXGroup;
			children = (
				D6F9D72129222AED0009D7FC /* SplashViewController.swift */,
				D6606FCF28D988940031CC99 /* ViewController.swift */,
			);
			path = View;
			sourceTree = "<group>";
		};
		D6D76DB32925C821007C6495 /* Service */ = {
			isa = PBXGroup;
			children = (
				D6D76DB42925C834007C6495 /* LocationService.swift */,
			);
			path = Service;
			sourceTree = "<group>";
		};
		D6D76DB62925D7EE007C6495 /* ViewModel */ = {
			isa = PBXGroup;
			children = (
				D6D76DB72925D7FD007C6495 /* MainViewModel.swift */,
			);
			path = ViewModel;
			sourceTree = "<group>";
		};
		D6D76DB9292DBE3A007C6495 /* Model */ = {
			isa = PBXGroup;
			children = (
				D6D76DBA292DBE46007C6495 /* LocationModel.swift */,
				D640D7152935AD7F000CC8CC /* FCMTokenModel.swift */,
				D640D7192939A7D3000CC8CC /* PushNotiDataModel.swift */,
				D640D71B2939D9B1000CC8CC /* NotiJSInterface.swift */,
				D640D71D2939EC12000CC8CC /* VersionInfoModel.swift */,
			);
			path = Model;
			sourceTree = "<group>";
		};
		D6F9D71C292219070009D7FC /* fonts */ = {
			isa = PBXGroup;
			children = (
				D6F9D71F292219E20009D7FC /* NotoSansKR-Bold.otf */,
				D6F9D71D292219D10009D7FC /* Lato-Bold.ttf */,
			);
			path = fonts;
			sourceTree = "<group>";
		};
/* End PBXGroup section */

/* Begin PBXNativeTarget section */
		D6606FC728D988940031CC99 /* GWith */ = {
			isa = PBXNativeTarget;
			buildConfigurationList = D6606FDC28D988950031CC99 /* Build configuration list for PBXNativeTarget "GWith" */;
			buildPhases = (
				51E9FC6A3B938FCF19D0377E /* [CP] Check Pods Manifest.lock */,
				D6606FC428D988940031CC99 /* Sources */,
				D6606FC528D988940031CC99 /* Frameworks */,
				D6606FC628D988940031CC99 /* Resources */,
				3680F020B1F0C4FF257CB444 /* [CP] Embed Pods Frameworks */,
			);
			buildRules = (
			);
			dependencies = (
			);
			name = GWith;
			productName = GWith;
			productReference = D6606FC828D988940031CC99 /* GWith.app */;
			productType = "com.apple.product-type.application";
		};
/* End PBXNativeTarget section */

/* Begin PBXProject section */
		D6606FC028D988940031CC99 /* Project object */ = {
			isa = PBXProject;
			attributes = {
				BuildIndependentTargetsInParallel = 1;
				LastSwiftUpdateCheck = 1320;
				LastUpgradeCheck = 1320;
				TargetAttributes = {
					D6606FC728D988940031CC99 = {
						CreatedOnToolsVersion = 13.2.1;
					};
				};
			};
			buildConfigurationList = D6606FC328D988940031CC99 /* Build configuration list for PBXProject "GWith" */;
			compatibilityVersion = "Xcode 13.0";
			developmentRegion = en;
			hasScannedForEncodings = 0;
			knownRegions = (
				en,
				Base,
			);
			mainGroup = D6606FBF28D988940031CC99;
			productRefGroup = D6606FC928D988940031CC99 /* Products */;
			projectDirPath = "";
			projectRoot = "";
			targets = (
				D6606FC728D988940031CC99 /* GWith */,
			);
		};
/* End PBXProject section */

/* Begin PBXResourcesBuildPhase section */
		D6606FC628D988940031CC99 /* Resources */ = {
			isa = PBXResourcesBuildPhase;
			buildActionMask = 2147483647;
			files = (
				D6606FD828D988950031CC99 /* LaunchScreen.storyboard in Resources */,
				D6606FD528D988950031CC99 /* Assets.xcassets in Resources */,
				D6606FD328D988940031CC99 /* Main.storyboard in Resources */,
				D6F9D71E292219D10009D7FC /* Lato-Bold.ttf in Resources */,
				D6F9D720292219E20009D7FC /* NotoSansKR-Bold.otf in Resources */,
				D640D7142935A3F9000CC8CC /* GoogleService-Info.plist in Resources */,
			);
			runOnlyForDeploymentPostprocessing = 0;
		};
/* End PBXResourcesBuildPhase section */

/* Begin PBXShellScriptBuildPhase section */
		3680F020B1F0C4FF257CB444 /* [CP] Embed Pods Frameworks */ = {
			isa = PBXShellScriptBuildPhase;
			buildActionMask = 2147483647;
			files = (
			);
			inputFileListPaths = (
				"${PODS_ROOT}/Target Support Files/Pods-GWith/Pods-GWith-frameworks-${CONFIGURATION}-input-files.xcfilelist",
			);
			name = "[CP] Embed Pods Frameworks";
			outputFileListPaths = (
				"${PODS_ROOT}/Target Support Files/Pods-GWith/Pods-GWith-frameworks-${CONFIGURATION}-output-files.xcfilelist",
			);
			runOnlyForDeploymentPostprocessing = 0;
			shellPath = /bin/sh;
			shellScript = "\"${PODS_ROOT}/Target Support Files/Pods-GWith/Pods-GWith-frameworks.sh\"\n";
			showEnvVarsInLog = 0;
		};
		51E9FC6A3B938FCF19D0377E /* [CP] Check Pods Manifest.lock */ = {
			isa = PBXShellScriptBuildPhase;
			buildActionMask = 2147483647;
			files = (
			);
			inputFileListPaths = (
			);
			inputPaths = (
				"${PODS_PODFILE_DIR_PATH}/Podfile.lock",
				"${PODS_ROOT}/Manifest.lock",
			);
			name = "[CP] Check Pods Manifest.lock";
			outputFileListPaths = (
			);
			outputPaths = (
				"$(DERIVED_FILE_DIR)/Pods-GWith-checkManifestLockResult.txt",
			);
			runOnlyForDeploymentPostprocessing = 0;
			shellPath = /bin/sh;
			shellScript = "diff \"${PODS_PODFILE_DIR_PATH}/Podfile.lock\" \"${PODS_ROOT}/Manifest.lock\" > /dev/null\nif [ $? != 0 ] ; then\n    # print error to STDERR\n    echo \"error: The sandbox is not in sync with the Podfile.lock. Run 'pod install' or update your CocoaPods installation.\" >&2\n    exit 1\nfi\n# This output is used by Xcode 'outputs' to avoid re-running this script phase.\necho \"SUCCESS\" > \"${SCRIPT_OUTPUT_FILE_0}\"\n";
			showEnvVarsInLog = 0;
		};
/* End PBXShellScriptBuildPhase section */

/* Begin PBXSourcesBuildPhase section */
		D6606FC428D988940031CC99 /* Sources */ = {
			isa = PBXSourcesBuildPhase;
			buildActionMask = 2147483647;
			files = (
				D640D71E2939EC12000CC8CC /* VersionInfoModel.swift in Sources */,
				D6606FD028D988940031CC99 /* ViewController.swift in Sources */,
				D6606FCC28D988940031CC99 /* AppDelegate.swift in Sources */,
				D6D76DB52925C834007C6495 /* LocationService.swift in Sources */,
				D6606FCE28D988940031CC99 /* SceneDelegate.swift in Sources */,
				D6F9D72229222AED0009D7FC /* SplashViewController.swift in Sources */,
				D6D76DBB292DBE46007C6495 /* LocationModel.swift in Sources */,
				D640D71C2939D9B1000CC8CC /* NotiJSInterface.swift in Sources */,
				D640D7162935AD7F000CC8CC /* FCMTokenModel.swift in Sources */,
				D640D71A2939A7D3000CC8CC /* PushNotiDataModel.swift in Sources */,
				D6D76DB82925D7FD007C6495 /* MainViewModel.swift in Sources */,
				D640D718293738B8000CC8CC /* Constants.swift in Sources */,
			);
			runOnlyForDeploymentPostprocessing = 0;
		};
/* End PBXSourcesBuildPhase section */

/* Begin PBXVariantGroup section */
		D6606FD128D988940031CC99 /* Main.storyboard */ = {
			isa = PBXVariantGroup;
			children = (
				D6606FD228D988940031CC99 /* Base */,
			);
			name = Main.storyboard;
			sourceTree = "<group>";
		};
		D6606FD628D988950031CC99 /* LaunchScreen.storyboard */ = {
			isa = PBXVariantGroup;
			children = (
				D6606FD728D988950031CC99 /* Base */,
			);
			name = LaunchScreen.storyboard;
			sourceTree = "<group>";
		};
/* End PBXVariantGroup section */

/* Begin XCBuildConfiguration section */
		D6606FDA28D988950031CC99 /* Debug */ = {
			isa = XCBuildConfiguration;
			buildSettings = {
				ALWAYS_SEARCH_USER_PATHS = NO;
				CLANG_ANALYZER_NONNULL = YES;
				CLANG_ANALYZER_NUMBER_OBJECT_CONVERSION = YES_AGGRESSIVE;
				CLANG_CXX_LANGUAGE_STANDARD = "gnu++17";
				CLANG_CXX_LIBRARY = "libc++";
				CLANG_ENABLE_MODULES = YES;
				CLANG_ENABLE_OBJC_ARC = YES;
				CLANG_ENABLE_OBJC_WEAK = YES;
				CLANG_WARN_BLOCK_CAPTURE_AUTORELEASING = YES;
				CLANG_WARN_BOOL_CONVERSION = YES;
				CLANG_WARN_COMMA = YES;
				CLANG_WARN_CONSTANT_CONVERSION = YES;
				CLANG_WARN_DEPRECATED_OBJC_IMPLEMENTATIONS = YES;
				CLANG_WARN_DIRECT_OBJC_ISA_USAGE = YES_ERROR;
				CLANG_WARN_DOCUMENTATION_COMMENTS = YES;
				CLANG_WARN_EMPTY_BODY = YES;
				CLANG_WARN_ENUM_CONVERSION = YES;
				CLANG_WARN_INFINITE_RECURSION = YES;
				CLANG_WARN_INT_CONVERSION = YES;
				CLANG_WARN_NON_LITERAL_NULL_CONVERSION = YES;
				CLANG_WARN_OBJC_IMPLICIT_RETAIN_SELF = YES;
				CLANG_WARN_OBJC_LITERAL_CONVERSION = YES;
				CLANG_WARN_OBJC_ROOT_CLASS = YES_ERROR;
				CLANG_WARN_QUOTED_INCLUDE_IN_FRAMEWORK_HEADER = YES;
				CLANG_WARN_RANGE_LOOP_ANALYSIS = YES;
				CLANG_WARN_STRICT_PROTOTYPES = YES;
				CLANG_WARN_SUSPICIOUS_MOVE = YES;
				CLANG_WARN_UNGUARDED_AVAILABILITY = YES_AGGRESSIVE;
				CLANG_WARN_UNREACHABLE_CODE = YES;
				CLANG_WARN__DUPLICATE_METHOD_MATCH = YES;
				COPY_PHASE_STRIP = NO;
				DEBUG_INFORMATION_FORMAT = dwarf;
				ENABLE_STRICT_OBJC_MSGSEND = YES;
				ENABLE_TESTABILITY = YES;
				GCC_C_LANGUAGE_STANDARD = gnu11;
				GCC_DYNAMIC_NO_PIC = NO;
				GCC_NO_COMMON_BLOCKS = YES;
				GCC_OPTIMIZATION_LEVEL = 0;
				GCC_PREPROCESSOR_DEFINITIONS = (
					"DEBUG=1",
					"$(inherited)",
				);
				GCC_WARN_64_TO_32_BIT_CONVERSION = YES;
				GCC_WARN_ABOUT_RETURN_TYPE = YES_ERROR;
				GCC_WARN_UNDECLARED_SELECTOR = YES;
				GCC_WARN_UNINITIALIZED_AUTOS = YES_AGGRESSIVE;
				GCC_WARN_UNUSED_FUNCTION = YES;
				GCC_WARN_UNUSED_VARIABLE = YES;
				IPHONEOS_DEPLOYMENT_TARGET = 14.0;
				MTL_ENABLE_DEBUG_INFO = INCLUDE_SOURCE;
				MTL_FAST_MATH = YES;
				ONLY_ACTIVE_ARCH = YES;
				SDKROOT = iphoneos;
				SWIFT_ACTIVE_COMPILATION_CONDITIONS = DEBUG;
				SWIFT_OPTIMIZATION_LEVEL = "-Onone";
			};
			name = Debug;
		};
		D6606FDB28D988950031CC99 /* Release */ = {
			isa = XCBuildConfiguration;
			buildSettings = {
				ALWAYS_SEARCH_USER_PATHS = NO;
				CLANG_ANALYZER_NONNULL = YES;
				CLANG_ANALYZER_NUMBER_OBJECT_CONVERSION = YES_AGGRESSIVE;
				CLANG_CXX_LANGUAGE_STANDARD = "gnu++17";
				CLANG_CXX_LIBRARY = "libc++";
				CLANG_ENABLE_MODULES = YES;
				CLANG_ENABLE_OBJC_ARC = YES;
				CLANG_ENABLE_OBJC_WEAK = YES;
				CLANG_WARN_BLOCK_CAPTURE_AUTORELEASING = YES;
				CLANG_WARN_BOOL_CONVERSION = YES;
				CLANG_WARN_COMMA = YES;
				CLANG_WARN_CONSTANT_CONVERSION = YES;
				CLANG_WARN_DEPRECATED_OBJC_IMPLEMENTATIONS = YES;
				CLANG_WARN_DIRECT_OBJC_ISA_USAGE = YES_ERROR;
				CLANG_WARN_DOCUMENTATION_COMMENTS = YES;
				CLANG_WARN_EMPTY_BODY = YES;
				CLANG_WARN_ENUM_CONVERSION = YES;
				CLANG_WARN_INFINITE_RECURSION = YES;
				CLANG_WARN_INT_CONVERSION = YES;
				CLANG_WARN_NON_LITERAL_NULL_CONVERSION = YES;
				CLANG_WARN_OBJC_IMPLICIT_RETAIN_SELF = YES;
				CLANG_WARN_OBJC_LITERAL_CONVERSION = YES;
				CLANG_WARN_OBJC_ROOT_CLASS = YES_ERROR;
				CLANG_WARN_QUOTED_INCLUDE_IN_FRAMEWORK_HEADER = YES;
				CLANG_WARN_RANGE_LOOP_ANALYSIS = YES;
				CLANG_WARN_STRICT_PROTOTYPES = YES;
				CLANG_WARN_SUSPICIOUS_MOVE = YES;
				CLANG_WARN_UNGUARDED_AVAILABILITY = YES_AGGRESSIVE;
				CLANG_WARN_UNREACHABLE_CODE = YES;
				CLANG_WARN__DUPLICATE_METHOD_MATCH = YES;
				COPY_PHASE_STRIP = NO;
				DEBUG_INFORMATION_FORMAT = "dwarf-with-dsym";
				ENABLE_NS_ASSERTIONS = NO;
				ENABLE_STRICT_OBJC_MSGSEND = YES;
				GCC_C_LANGUAGE_STANDARD = gnu11;
				GCC_NO_COMMON_BLOCKS = YES;
				GCC_WARN_64_TO_32_BIT_CONVERSION = YES;
				GCC_WARN_ABOUT_RETURN_TYPE = YES_ERROR;
				GCC_WARN_UNDECLARED_SELECTOR = YES;
				GCC_WARN_UNINITIALIZED_AUTOS = YES_AGGRESSIVE;
				GCC_WARN_UNUSED_FUNCTION = YES;
				GCC_WARN_UNUSED_VARIABLE = YES;
				IPHONEOS_DEPLOYMENT_TARGET = 14.0;
				MTL_ENABLE_DEBUG_INFO = NO;
				MTL_FAST_MATH = YES;
				SDKROOT = iphoneos;
				SWIFT_COMPILATION_MODE = wholemodule;
				SWIFT_OPTIMIZATION_LEVEL = "-O";
				VALIDATE_PRODUCT = YES;
			};
			name = Release;
		};
		D6606FDD28D988950031CC99 /* Debug */ = {
			isa = XCBuildConfiguration;
			baseConfigurationReference = A9188584235AB27EE4B04361 /* Pods-GWith.debug.xcconfig */;
			buildSettings = {
				ASSETCATALOG_COMPILER_APPICON_NAME = AppIcon;
				ASSETCATALOG_COMPILER_GLOBAL_ACCENT_COLOR_NAME = AccentColor;
				CODE_SIGN_ENTITLEMENTS = GWith/GWith.entitlements;
				CODE_SIGN_IDENTITY = "Apple Development";
				CODE_SIGN_STYLE = Automatic;
				CURRENT_PROJECT_VERSION = 1;
				DEVELOPMENT_TEAM = 48A5W8Z795;
				GENERATE_INFOPLIST_FILE = YES;
				INFOPLIST_FILE = GWith/Info.plist;
				INFOPLIST_KEY_NSLocationAlwaysAndWhenInUseUsageDescription = "버스 이용에 대한 위치 권한이 필요합니다.";
				INFOPLIST_KEY_NSLocationWhenInUseUsageDescription = "버스 이용에 대한 위치 권한이 필요합니다.";
				INFOPLIST_KEY_UIApplicationSupportsIndirectInputEvents = YES;
				INFOPLIST_KEY_UILaunchStoryboardName = LaunchScreen;
				INFOPLIST_KEY_UIMainStoryboardFile = Main;
				INFOPLIST_KEY_UISupportedInterfaceOrientations = UIInterfaceOrientationPortrait;
				LD_RUNPATH_SEARCH_PATHS = (
					"$(inherited)",
					"@executable_path/Frameworks",
				);
				MARKETING_VERSION = 1.0;
				PRODUCT_BUNDLE_IDENTIFIER = com.mtis.gwith;
				PRODUCT_NAME = "$(TARGET_NAME)";
				PROVISIONING_PROFILE_SPECIFIER = "";
				SWIFT_EMIT_LOC_STRINGS = YES;
				SWIFT_VERSION = 5.0;
				TARGETED_DEVICE_FAMILY = "1,2";
			};
			name = Debug;
		};
		D6606FDE28D988950031CC99 /* Release */ = {
			isa = XCBuildConfiguration;
			baseConfigurationReference = 1FDD76F5CD24F69671CAC254 /* Pods-GWith.release.xcconfig */;
			buildSettings = {
				ASSETCATALOG_COMPILER_APPICON_NAME = AppIcon;
				ASSETCATALOG_COMPILER_GLOBAL_ACCENT_COLOR_NAME = AccentColor;
				CODE_SIGN_ENTITLEMENTS = GWith/GWith.entitlements;
				CODE_SIGN_IDENTITY = "Apple Development";
				CODE_SIGN_STYLE = Automatic;
				CURRENT_PROJECT_VERSION = 1;
				DEVELOPMENT_TEAM = 48A5W8Z795;
				GENERATE_INFOPLIST_FILE = YES;
				INFOPLIST_FILE = GWith/Info.plist;
				INFOPLIST_KEY_NSLocationAlwaysAndWhenInUseUsageDescription = "버스 이용에 대한 위치 권한이 필요합니다.";
				INFOPLIST_KEY_NSLocationWhenInUseUsageDescription = "버스 이용에 대한 위치 권한이 필요합니다.";
				INFOPLIST_KEY_UIApplicationSupportsIndirectInputEvents = YES;
				INFOPLIST_KEY_UILaunchStoryboardName = LaunchScreen;
				INFOPLIST_KEY_UIMainStoryboardFile = Main;
				INFOPLIST_KEY_UISupportedInterfaceOrientations = UIInterfaceOrientationPortrait;
				LD_RUNPATH_SEARCH_PATHS = (
					"$(inherited)",
					"@executable_path/Frameworks",
				);
				MARKETING_VERSION = 1.0;
				PRODUCT_BUNDLE_IDENTIFIER = com.mtis.gwith;
				PRODUCT_NAME = "$(TARGET_NAME)";
				PROVISIONING_PROFILE_SPECIFIER = "";
				SWIFT_EMIT_LOC_STRINGS = YES;
				SWIFT_VERSION = 5.0;
				TARGETED_DEVICE_FAMILY = "1,2";
			};
			name = Release;
		};
/* End XCBuildConfiguration section */

/* Begin XCConfigurationList section */
		D6606FC328D988940031CC99 /* Build configuration list for PBXProject "GWith" */ = {
			isa = XCConfigurationList;
			buildConfigurations = (
				D6606FDA28D988950031CC99 /* Debug */,
				D6606FDB28D988950031CC99 /* Release */,
			);
			defaultConfigurationIsVisible = 0;
			defaultConfigurationName = Release;
		};
		D6606FDC28D988950031CC99 /* Build configuration list for PBXNativeTarget "GWith" */ = {
			isa = XCConfigurationList;
			buildConfigurations = (
				D6606FDD28D988950031CC99 /* Debug */,
				D6606FDE28D988950031CC99 /* Release */,
			);
			defaultConfigurationIsVisible = 0;
			defaultConfigurationName = Release;
		};
/* End XCConfigurationList section */
	};
	rootObject = D6606FC028D988940031CC99 /* Project object */;
}
